Microsoft Visual Studio Solution File, Format Version 12.00
# Visual Studio 14
VisualStudioVersion = 14.0.24720.0
MinimumVisualStudioVersion = 10.0.40219.1
Project("{8BC9CEB8-8B4A-11D0-8D11-00A0C91BC942}") = "Chapter01", "Chapter01\Chapter01.vcxproj", "{1AE61467-FBFE-4C1E-860C-9E4C2FB594AA}"
EndProject
Project("{8BC9CEB8-8B4A-11D0-8D11-00A0C91BC942}") = "Chapter02", "Chapter02\Chapter02.vcxproj", "{E4A9134A-68AA-46C0-BDE9-21B4E0DE9C49}"
EndProject
Project("{8BC9CEB8-8B4A-11D0-8D11-00A0C91BC942}") = "TestChapter01", "TestChapter01\TestChapter01.vcxproj", "{1E366FA3-4745-483E-A0CC-BE5342012368}"
	ProjectSection(ProjectDependencies) = postProject
		{1AE61467-FBFE-4C1E-860C-9E4C2FB594AA} = {1AE61467-FBFE-4C1E-860C-9E4C2FB594AA}
	EndProjectSection
EndProject
Project("{8BC9CEB8-8B4A-11D0-8D11-00A0C91BC942}") = "TestChapter02", "TestChapter02\TestChapter02.vcxproj", "{072BAF58-B9D3-459D-B9E0-3D89E3A96B7C}"
	ProjectSection(ProjectDependencies) = postProject
		{E4A9134A-68AA-46C0-BDE9-21B4E0DE9C49} = {E4A9134A-68AA-46C0-BDE9-21B4E0DE9C49}
	EndProjectSection
EndProject
Project("{8BC9CEB8-8B4A-11D0-8D11-00A0C91BC942}") = "Chapter03", "Chapter03\Chapter03.vcxproj", "{009438CC-6608-43BE-8D08-DD932A916035}"
EndProject
Project("{8BC9CEB8-8B4A-11D0-8D11-00A0C91BC942}") = "TestChapter03", "TestChapter03\TestChapter03.vcxproj", "{66D35330-CB7F-4A52-A53C-774485D510D3}"
	ProjectSection(ProjectDependencies) = postProject
		{009438CC-6608-43BE-8D08-DD932A916035} = {009438CC-6608-43BE-8D08-DD932A916035}
	EndProjectSection
EndProject
Project("{8BC9CEB8-8B4A-11D0-8D11-00A0C91BC942}") = "Chapter04", "Chapter04\Chapter04.vcxproj", "{A2DA16A3-6EF1-4370-AF71-5FB95EC48287}"
EndProject
Project("{8BC9CEB8-8B4A-11D0-8D11-00A0C91BC942}") = "TestChapter04", "TestChapter04\TestChapter04.vcxproj", "{C337849F-3C55-4A22-A730-14CCB99D8D81}"
	ProjectSection(ProjectDependencies) = postProject
		{A2DA16A3-6EF1-4370-AF71-5FB95EC48287} = {A2DA16A3-6EF1-4370-AF71-5FB95EC48287}
	EndProjectSection
EndProject
Project("{8BC9CEB8-8B4A-11D0-8D11-00A0C91BC942}") = "Chapter16", "Chapter16\Chapter16.vcxproj", "{D00749B3-3146-4EEC-8D77-8E006D618DFB}"
EndProject
Project("{8BC9CEB8-8B4A-11D0-8D11-00A0C91BC942}") = "TestChapter16", "TestChapter16\TestChapter16.vcxproj", "{05A3CC5F-4BDE-4623-A3CC-18E3C7635F1D}"
	ProjectSection(ProjectDependencies) = postProject
		{D00749B3-3146-4EEC-8D77-8E006D618DFB} = {D00749B3-3146-4EEC-8D77-8E006D618DFB}
	EndProjectSection
EndProject
Global
	GlobalSection(SolutionConfigurationPlatforms) = preSolution
		Debug|x64 = Debug|x64
		Debug|x86 = Debug|x86
		Release|x64 = Release|x64
		Release|x86 = Release|x86
	EndGlobalSection
	GlobalSection(ProjectConfigurationPlatforms) = postSolution
		{1AE61467-FBFE-4C1E-860C-9E4C2FB594AA}.Debug|x64.ActiveCfg = Debug|x64
		{1AE61467-FBFE-4C1E-860C-9E4C2FB594AA}.Debug|x64.Build.0 = Debug|x64
		{1AE61467-FBFE-4C1E-860C-9E4C2FB594AA}.Debug|x86.ActiveCfg = Debug|Win32
		{1AE61467-FBFE-4C1E-860C-9E4C2FB594AA}.Debug|x86.Build.0 = Debug|Win32
		{1AE61467-FBFE-4C1E-860C-9E4C2FB594AA}.Release|x64.ActiveCfg = Release|x64
		{1AE61467-FBFE-4C1E-860C-9E4C2FB594AA}.Release|x64.Build.0 = Release|x64
		{1AE61467-FBFE-4C1E-860C-9E4C2FB594AA}.Release|x86.ActiveCfg = Release|Win32
		{1AE61467-FBFE-4C1E-860C-9E4C2FB594AA}.Release|x86.Build.0 = Release|Win32
		{E4A9134A-68AA-46C0-BDE9-21B4E0DE9C49}.Debug|x64.ActiveCfg = Debug|x64
		{E4A9134A-68AA-46C0-BDE9-21B4E0DE9C49}.Debug|x64.Build.0 = Debug|x64
		{E4A9134A-68AA-46C0-BDE9-21B4E0DE9C49}.Debug|x86.ActiveCfg = Debug|Win32
		{E4A9134A-68AA-46C0-BDE9-21B4E0DE9C49}.Debug|x86.Build.0 = Debug|Win32
		{E4A9134A-68AA-46C0-BDE9-21B4E0DE9C49}.Release|x64.ActiveCfg = Release|x64
		{E4A9134A-68AA-46C0-BDE9-21B4E0DE9C49}.Release|x64.Build.0 = Release|x64
		{E4A9134A-68AA-46C0-BDE9-21B4E0DE9C49}.Release|x86.ActiveCfg = Release|Win32
		{E4A9134A-68AA-46C0-BDE9-21B4E0DE9C49}.Release|x86.Build.0 = Release|Win32
		{1E366FA3-4745-483E-A0CC-BE5342012368}.Debug|x64.ActiveCfg = Debug|x64
		{1E366FA3-4745-483E-A0CC-BE5342012368}.Debug|x64.Build.0 = Debug|x64
		{1E366FA3-4745-483E-A0CC-BE5342012368}.Debug|x86.ActiveCfg = Debug|Win32
		{1E366FA3-4745-483E-A0CC-BE5342012368}.Debug|x86.Build.0 = Debug|Win32
		{1E366FA3-4745-483E-A0CC-BE5342012368}.Release|x64.ActiveCfg = Release|x64
		{1E366FA3-4745-483E-A0CC-BE5342012368}.Release|x64.Build.0 = Release|x64
		{1E366FA3-4745-483E-A0CC-BE5342012368}.Release|x86.ActiveCfg = Release|Win32
		{1E366FA3-4745-483E-A0CC-BE5342012368}.Release|x86.Build.0 = Release|Win32
		{072BAF58-B9D3-459D-B9E0-3D89E3A96B7C}.Debug|x64.ActiveCfg = Debug|x64
		{072BAF58-B9D3-459D-B9E0-3D89E3A96B7C}.Debug|x64.Build.0 = Debug|x64
		{072BAF58-B9D3-459D-B9E0-3D89E3A96B7C}.Debug|x86.ActiveCfg = Debug|Win32
		{072BAF58-B9D3-459D-B9E0-3D89E3A96B7C}.Debug|x86.Build.0 = Debug|Win32
		{072BAF58-B9D3-459D-B9E0-3D89E3A96B7C}.Release|x64.ActiveCfg = Release|x64
		{072BAF58-B9D3-459D-B9E0-3D89E3A96B7C}.Release|x64.Build.0 = Release|x64
		{072BAF58-B9D3-459D-B9E0-3D89E3A96B7C}.Release|x86.ActiveCfg = Release|Win32
		{072BAF58-B9D3-459D-B9E0-3D89E3A96B7C}.Release|x86.Build.0 = Release|Win32
		{009438CC-6608-43BE-8D08-DD932A916035}.Debug|x64.ActiveCfg = Debug|x64
		{009438CC-6608-43BE-8D08-DD932A916035}.Debug|x64.Build.0 = Debug|x64
		{009438CC-6608-43BE-8D08-DD932A916035}.Debug|x86.ActiveCfg = Debug|Win32
		{009438CC-6608-43BE-8D08-DD932A916035}.Debug|x86.Build.0 = Debug|Win32
		{009438CC-6608-43BE-8D08-DD932A916035}.Release|x64.ActiveCfg = Release|x64
		{009438CC-6608-43BE-8D08-DD932A916035}.Release|x64.Build.0 = Release|x64
		{009438CC-6608-43BE-8D08-DD932A916035}.Release|x86.ActiveCfg = Release|Win32
		{009438CC-6608-43BE-8D08-DD932A916035}.Release|x86.Build.0 = Release|Win32
		{66D35330-CB7F-4A52-A53C-774485D510D3}.Debug|x64.ActiveCfg = Debug|x64
		{66D35330-CB7F-4A52-A53C-774485D510D3}.Debug|x64.Build.0 = Debug|x64
		{66D35330-CB7F-4A52-A53C-774485D510D3}.Debug|x86.ActiveCfg = Debug|Win32
		{66D35330-CB7F-4A52-A53C-774485D510D3}.Debug|x86.Build.0 = Debug|Win32
		{66D35330-CB7F-4A52-A53C-774485D510D3}.Release|x64.ActiveCfg = Release|x64
		{66D35330-CB7F-4A52-A53C-774485D510D3}.Release|x64.Build.0 = Release|x64
		{66D35330-CB7F-4A52-A53C-774485D510D3}.Release|x86.ActiveCfg = Release|Win32
		{66D35330-CB7F-4A52-A53C-774485D510D3}.Release|x86.Build.0 = Release|Win32
		{A2DA16A3-6EF1-4370-AF71-5FB95EC48287}.Debug|x64.ActiveCfg = Debug|x64
		{A2DA16A3-6EF1-4370-AF71-5FB95EC48287}.Debug|x64.Build.0 = Debug|x64
		{A2DA16A3-6EF1-4370-AF71-5FB95EC48287}.Debug|x86.ActiveCfg = Debug|Win32
		{A2DA16A3-6EF1-4370-AF71-5FB95EC48287}.Debug|x86.Build.0 = Debug|Win32
		{A2DA16A3-6EF1-4370-AF71-5FB95EC48287}.Release|x64.ActiveCfg = Release|x64
		{A2DA16A3-6EF1-4370-AF71-5FB95EC48287}.Release|x64.Build.0 = Release|x64
		{A2DA16A3-6EF1-4370-AF71-5FB95EC48287}.Release|x86.ActiveCfg = Release|Win32
		{A2DA16A3-6EF1-4370-AF71-5FB95EC48287}.Release|x86.Build.0 = Release|Win32
		{C337849F-3C55-4A22-A730-14CCB99D8D81}.Debug|x64.ActiveCfg = Debug|x64
		{C337849F-3C55-4A22-A730-14CCB99D8D81}.Debug|x64.Build.0 = Debug|x64
		{C337849F-3C55-4A22-A730-14CCB99D8D81}.Debug|x86.ActiveCfg = Debug|Win32
		{C337849F-3C55-4A22-A730-14CCB99D8D81}.Debug|x86.Build.0 = Debug|Win32
		{C337849F-3C55-4A22-A730-14CCB99D8D81}.Release|x64.ActiveCfg = Release|x64
		{C337849F-3C55-4A22-A730-14CCB99D8D81}.Release|x64.Build.0 = Release|x64
		{C337849F-3C55-4A22-A730-14CCB99D8D81}.Release|x86.ActiveCfg = Release|Win32
		{C337849F-3C55-4A22-A730-14CCB99D8D81}.Release|x86.Build.0 = Release|Win32
		{D00749B3-3146-4EEC-8D77-8E006D618DFB}.Debug|x64.ActiveCfg = Debug|x64
		{D00749B3-3146-4EEC-8D77-8E006D618DFB}.Debug|x64.Build.0 = Debug|x64
		{D00749B3-3146-4EEC-8D77-8E006D618DFB}.Debug|x86.ActiveCfg = Debug|Win32
		{D00749B3-3146-4EEC-8D77-8E006D618DFB}.Debug|x86.Build.0 = Debug|Win32
		{D00749B3-3146-4EEC-8D77-8E006D618DFB}.Release|x64.ActiveCfg = Release|x64
		{D00749B3-3146-4EEC-8D77-8E006D618DFB}.Release|x64.Build.0 = Release|x64
		{D00749B3-3146-4EEC-8D77-8E006D618DFB}.Release|x86.ActiveCfg = Release|Win32
		{D00749B3-3146-4EEC-8D77-8E006D618DFB}.Release|x86.Build.0 = Release|Win32
		{05A3CC5F-4BDE-4623-A3CC-18E3C7635F1D}.Debug|x64.ActiveCfg = Debug|x64
		{05A3CC5F-4BDE-4623-A3CC-18E3C7635F1D}.Debug|x64.Build.0 = Debug|x64
		{05A3CC5F-4BDE-4623-A3CC-18E3C7635F1D}.Debug|x86.ActiveCfg = Debug|Win32
		{05A3CC5F-4BDE-4623-A3CC-18E3C7635F1D}.Debug|x86.Build.0 = Debug|Win32
		{05A3CC5F-4BDE-4623-A3CC-18E3C7635F1D}.Release|x64.ActiveCfg = Release|x64
		{05A3CC5F-4BDE-4623-A3CC-18E3C7635F1D}.Release|x64.Build.0 = Release|x64
		{05A3CC5F-4BDE-4623-A3CC-18E3C7635F1D}.Release|x86.ActiveCfg = Release|Win32
		{05A3CC5F-4BDE-4623-A3CC-18E3C7635F1D}.Release|x86.Build.0 = Release|Win32
	EndGlobalSection
	GlobalSection(SolutionProperties) = preSolution
		HideSolutionNode = FALSE
	EndGlobalSection
EndGlobal
