Microsoft Visual Studio Solution File, Format Version 12.00
# Visual Studio 14
VisualStudioVersion = 14.0.23107.0
MinimumVisualStudioVersion = 10.0.40219.1
Project("{8BC9CEB8-8B4A-11D0-8D11-00A0C91BC942}") = "Chapter01", "Chapter01\Chapter01.vcxproj", "{1AE61467-FBFE-4C1E-860C-9E4C2FB594AA}"
EndProject
Project("{8BC9CEB8-8B4A-11D0-8D11-00A0C91BC942}") = "Chapter02", "Chapter02\Chapter02.vcxproj", "{E4A9134A-68AA-46C0-BDE9-21B4E0DE9C49}"
EndProject
Project("{8BC9CEB8-8B4A-11D0-8D11-00A0C91BC942}") = "TestChapter01", "TestChapter01\TestChapter01.vcxproj", "{1E366FA3-4745-483E-A0CC-BE5342012368}"
	ProjectSection(ProjectDependencies) = postProject
		{1AE61467-FBFE-4C1E-860C-9E4C2FB594AA} = {1AE61467-FBFE-4C1E-860C-9E4C2FB594AA}
	EndProjectSection
EndProject
Project("{8BC9CEB8-8B4A-11D0-8D11-00A0C91BC942}") = "TestChapter02", "TestChapter02\TestChapter02.vcxproj", "{072BAF58-B9D3-459D-B9E0-3D89E3A96B7C}"
	ProjectSection(ProjectDependencies) = postProject
		{E4A9134A-68AA-46C0-BDE9-21B4E0DE9C49} = {E4A9134A-68AA-46C0-BDE9-21B4E0DE9C49}
	EndProjectSection
EndProject
Project("{2150E333-8FDC-42A3-9474-1A3956D46DE8}") = "UnityBuilds", "UnityBuilds", "{75BF0507-62A2-418D-9AD9-9FCFB53A85C7}"
EndProject
Project("{2150E333-8FDC-42A3-9474-1A3956D46DE8}") = "StdBuilds", "StdBuilds", "{F2F8C3EC-58B7-40A6-8700-BDF1E67AFB47}"
EndProject
Project("{8BC9CEB8-8B4A-11D0-8D11-00A0C91BC942}") = "UnityChapter01", "UnityChapter01\UnityChapter01.vcxproj", "{B53B194C-5F4F-4F26-A27D-86E0445090DF}"
EndProject
Project("{2150E333-8FDC-42A3-9474-1A3956D46DE8}") = "Test", "Test", "{E45287D2-D734-4D90-AE50-6ABB3A25D51D}"
EndProject
Project("{2150E333-8FDC-42A3-9474-1A3956D46DE8}") = "Test", "Test", "{03E03AB9-3FC5-42E7-B956-77A9AA34FF4F}"
EndProject
Project("{8BC9CEB8-8B4A-11D0-8D11-00A0C91BC942}") = "UnityTestChapter01", "UnityTestChapter01\UnityTestChapter01.vcxproj", "{5A503B7B-30B3-477F-937F-29DFCDF8609B}"
	ProjectSection(ProjectDependencies) = postProject
		{B53B194C-5F4F-4F26-A27D-86E0445090DF} = {B53B194C-5F4F-4F26-A27D-86E0445090DF}
	EndProjectSection
EndProject
Global
	GlobalSection(SolutionConfigurationPlatforms) = preSolution
		Debug|x64 = Debug|x64
		Debug|x86 = Debug|x86
		Release|x64 = Release|x64
		Release|x86 = Release|x86
		UnityDebug|x64 = UnityDebug|x64
		UnityDebug|x86 = UnityDebug|x86
	EndGlobalSection
	GlobalSection(ProjectConfigurationPlatforms) = postSolution
		{1AE61467-FBFE-4C1E-860C-9E4C2FB594AA}.Debug|x64.ActiveCfg = Debug|x64
		{1AE61467-FBFE-4C1E-860C-9E4C2FB594AA}.Debug|x64.Build.0 = Debug|x64
		{1AE61467-FBFE-4C1E-860C-9E4C2FB594AA}.Debug|x86.ActiveCfg = Debug|Win32
		{1AE61467-FBFE-4C1E-860C-9E4C2FB594AA}.Debug|x86.Build.0 = Debug|Win32
		{1AE61467-FBFE-4C1E-860C-9E4C2FB594AA}.Release|x64.ActiveCfg = Release|x64
		{1AE61467-FBFE-4C1E-860C-9E4C2FB594AA}.Release|x64.Build.0 = Release|x64
		{1AE61467-FBFE-4C1E-860C-9E4C2FB594AA}.Release|x86.ActiveCfg = Release|Win32
		{1AE61467-FBFE-4C1E-860C-9E4C2FB594AA}.Release|x86.Build.0 = Release|Win32
		{1AE61467-FBFE-4C1E-860C-9E4C2FB594AA}.UnityDebug|x64.ActiveCfg = UnityDebug|x64
		{1AE61467-FBFE-4C1E-860C-9E4C2FB594AA}.UnityDebug|x86.ActiveCfg = UnityDebug|Win32
		{E4A9134A-68AA-46C0-BDE9-21B4E0DE9C49}.Debug|x64.ActiveCfg = Debug|x64
		{E4A9134A-68AA-46C0-BDE9-21B4E0DE9C49}.Debug|x64.Build.0 = Debug|x64
		{E4A9134A-68AA-46C0-BDE9-21B4E0DE9C49}.Debug|x86.ActiveCfg = Debug|Win32
		{E4A9134A-68AA-46C0-BDE9-21B4E0DE9C49}.Debug|x86.Build.0 = Debug|Win32
		{E4A9134A-68AA-46C0-BDE9-21B4E0DE9C49}.Release|x64.ActiveCfg = Release|x64
		{E4A9134A-68AA-46C0-BDE9-21B4E0DE9C49}.Release|x64.Build.0 = Release|x64
		{E4A9134A-68AA-46C0-BDE9-21B4E0DE9C49}.Release|x86.ActiveCfg = Release|Win32
		{E4A9134A-68AA-46C0-BDE9-21B4E0DE9C49}.Release|x86.Build.0 = Release|Win32
		{E4A9134A-68AA-46C0-BDE9-21B4E0DE9C49}.UnityDebug|x64.ActiveCfg = UnityDebug|x64
		{E4A9134A-68AA-46C0-BDE9-21B4E0DE9C49}.UnityDebug|x64.Build.0 = UnityDebug|x64
		{E4A9134A-68AA-46C0-BDE9-21B4E0DE9C49}.UnityDebug|x86.ActiveCfg = UnityDebug|Win32
		{E4A9134A-68AA-46C0-BDE9-21B4E0DE9C49}.UnityDebug|x86.Build.0 = UnityDebug|Win32
		{1E366FA3-4745-483E-A0CC-BE5342012368}.Debug|x64.ActiveCfg = Debug|x64
		{1E366FA3-4745-483E-A0CC-BE5342012368}.Debug|x64.Build.0 = Debug|x64
		{1E366FA3-4745-483E-A0CC-BE5342012368}.Debug|x86.ActiveCfg = Debug|Win32
		{1E366FA3-4745-483E-A0CC-BE5342012368}.Debug|x86.Build.0 = Debug|Win32
		{1E366FA3-4745-483E-A0CC-BE5342012368}.Release|x64.ActiveCfg = Release|x64
		{1E366FA3-4745-483E-A0CC-BE5342012368}.Release|x64.Build.0 = Release|x64
		{1E366FA3-4745-483E-A0CC-BE5342012368}.Release|x86.ActiveCfg = Release|Win32
		{1E366FA3-4745-483E-A0CC-BE5342012368}.Release|x86.Build.0 = Release|Win32
		{1E366FA3-4745-483E-A0CC-BE5342012368}.UnityDebug|x64.ActiveCfg = UnityDebug|x64
		{1E366FA3-4745-483E-A0CC-BE5342012368}.UnityDebug|x86.ActiveCfg = UnityDebug|Win32
		{072BAF58-B9D3-459D-B9E0-3D89E3A96B7C}.Debug|x64.ActiveCfg = Debug|x64
		{072BAF58-B9D3-459D-B9E0-3D89E3A96B7C}.Debug|x64.Build.0 = Debug|x64
		{072BAF58-B9D3-459D-B9E0-3D89E3A96B7C}.Debug|x86.ActiveCfg = Debug|Win32
		{072BAF58-B9D3-459D-B9E0-3D89E3A96B7C}.Debug|x86.Build.0 = Debug|Win32
		{072BAF58-B9D3-459D-B9E0-3D89E3A96B7C}.Release|x64.ActiveCfg = Release|x64
		{072BAF58-B9D3-459D-B9E0-3D89E3A96B7C}.Release|x64.Build.0 = Release|x64
		{072BAF58-B9D3-459D-B9E0-3D89E3A96B7C}.Release|x86.ActiveCfg = Release|Win32
		{072BAF58-B9D3-459D-B9E0-3D89E3A96B7C}.Release|x86.Build.0 = Release|Win32
		{072BAF58-B9D3-459D-B9E0-3D89E3A96B7C}.UnityDebug|x64.ActiveCfg = UnityDebug|x64
		{072BAF58-B9D3-459D-B9E0-3D89E3A96B7C}.UnityDebug|x64.Build.0 = UnityDebug|x64
		{072BAF58-B9D3-459D-B9E0-3D89E3A96B7C}.UnityDebug|x86.ActiveCfg = UnityDebug|Win32
		{072BAF58-B9D3-459D-B9E0-3D89E3A96B7C}.UnityDebug|x86.Build.0 = UnityDebug|Win32
		{B53B194C-5F4F-4F26-A27D-86E0445090DF}.Debug|x64.ActiveCfg = Debug|x64
		{B53B194C-5F4F-4F26-A27D-86E0445090DF}.Debug|x86.ActiveCfg = Debug|Win32
		{B53B194C-5F4F-4F26-A27D-86E0445090DF}.Release|x64.ActiveCfg = Release|x64
		{B53B194C-5F4F-4F26-A27D-86E0445090DF}.Release|x86.ActiveCfg = Release|Win32
		{B53B194C-5F4F-4F26-A27D-86E0445090DF}.UnityDebug|x64.ActiveCfg = UnityDebug|x64
		{B53B194C-5F4F-4F26-A27D-86E0445090DF}.UnityDebug|x64.Build.0 = UnityDebug|x64
		{B53B194C-5F4F-4F26-A27D-86E0445090DF}.UnityDebug|x86.ActiveCfg = UnityDebug|Win32
		{B53B194C-5F4F-4F26-A27D-86E0445090DF}.UnityDebug|x86.Build.0 = UnityDebug|Win32
		{5A503B7B-30B3-477F-937F-29DFCDF8609B}.Debug|x64.ActiveCfg = Debug|x64
		{5A503B7B-30B3-477F-937F-29DFCDF8609B}.Debug|x86.ActiveCfg = Debug|Win32
		{5A503B7B-30B3-477F-937F-29DFCDF8609B}.Release|x64.ActiveCfg = Release|x64
		{5A503B7B-30B3-477F-937F-29DFCDF8609B}.Release|x86.ActiveCfg = Release|Win32
		{5A503B7B-30B3-477F-937F-29DFCDF8609B}.UnityDebug|x64.ActiveCfg = UnityDebug|x64
		{5A503B7B-30B3-477F-937F-29DFCDF8609B}.UnityDebug|x64.Build.0 = UnityDebug|x64
		{5A503B7B-30B3-477F-937F-29DFCDF8609B}.UnityDebug|x86.ActiveCfg = UnityDebug|Win32
		{5A503B7B-30B3-477F-937F-29DFCDF8609B}.UnityDebug|x86.Build.0 = UnityDebug|Win32
	EndGlobalSection
	GlobalSection(SolutionProperties) = preSolution
		HideSolutionNode = FALSE
	EndGlobalSection
	GlobalSection(NestedProjects) = preSolution
		{1AE61467-FBFE-4C1E-860C-9E4C2FB594AA} = {F2F8C3EC-58B7-40A6-8700-BDF1E67AFB47}
		{E4A9134A-68AA-46C0-BDE9-21B4E0DE9C49} = {F2F8C3EC-58B7-40A6-8700-BDF1E67AFB47}
		{1E366FA3-4745-483E-A0CC-BE5342012368} = {E45287D2-D734-4D90-AE50-6ABB3A25D51D}
		{072BAF58-B9D3-459D-B9E0-3D89E3A96B7C} = {E45287D2-D734-4D90-AE50-6ABB3A25D51D}
		{B53B194C-5F4F-4F26-A27D-86E0445090DF} = {75BF0507-62A2-418D-9AD9-9FCFB53A85C7}
		{E45287D2-D734-4D90-AE50-6ABB3A25D51D} = {F2F8C3EC-58B7-40A6-8700-BDF1E67AFB47}
		{03E03AB9-3FC5-42E7-B956-77A9AA34FF4F} = {75BF0507-62A2-418D-9AD9-9FCFB53A85C7}
		{5A503B7B-30B3-477F-937F-29DFCDF8609B} = {03E03AB9-3FC5-42E7-B956-77A9AA34FF4F}
	EndGlobalSection
EndGlobal
