<?xml version="1.0" encoding="utf-8"?>
<Project ToolsVersion="4.0" xmlns="http://schemas.microsoft.com/developer/msbuild/2003">
  <ItemGroup>
    <ClCompile Include="stdafx.cpp">
      <Filter>Source Files</Filter>
    </ClCompile>
    <ClCompile Include="TestChapter17.cpp">
      <Filter>Source Files</Filter>
    </ClCompile>
    <ClCompile Include="TestChapter17bitfield.cpp">
      <Filter>Source Files</Filter>
    </ClCompile>
    <ClCompile Include="TestChapter17minTypeHelper.cpp">
      <Filter>Source Files</Filter>
    </ClCompile>
  </ItemGroup>
  <ItemGroup>
    <ClInclude Include="stdafx.h">
      <Filter>Header Files</Filter>
    </ClInclude>
    <ClInclude Include="targetver.h">
      <Filter>Header Files</Filter>
    </ClInclude>
  </ItemGroup>
  <ItemGroup>
    <Filter Include="Header Files">
      <UniqueIdentifier>{8a88c649-c7a8-45cd-934a-7dcf6577eca4}</UniqueIdentifier>
    </Filter>
    <Filter Include="Source Files">
      <UniqueIdentifier>{9d7d7187-e56e-49d9-a99b-5a2cb81d8993}</UniqueIdentifier>
    </Filter>
  </ItemGroup>
</Project>